
Microsoft Visual Studio Solution File, Format Version 12.00
# Visual Studio Version 17
VisualStudioVersion = 17.11.35312.102
MinimumVisualStudioVersion = 10.0.40219.1
Project("{9A19103F-16F7-4668-BE54-9A1E7A4F7556}") = "Games.Data", "Games.Data\Games.Data.csproj", "{9B41D5A6-1929-486E-BA9F-850EF3D9A245}"
EndProject
Project("{9A19103F-16F7-4668-BE54-9A1E7A4F7556}") = "Games.Service", "Games.Service\Games.Service.csproj", "{4620E194-D14F-4434-99C8-DFC17064E5E6}"
EndProject
Project("{9A19103F-16F7-4668-BE54-9A1E7A4F7556}") = "Games.Core", "Games.Core\Games.Core.csproj", "{5FF05C3D-5F8A-4803-B040-C0F1230A9929}"
EndProject
Project("{9A19103F-16F7-4668-BE54-9A1E7A4F7556}") = "Games.Api", "Games.Api\Games.Api.csproj", "{60D9C155-73D6-4F07-8AA4-72F8FF25610B}"
EndProject
Project("{FAE04EC0-301F-11D3-BF4B-00C04F79EFBC}") = "UnitTest", "UnitTest\UnitTest.csproj", "{5E9FACB6-8FA4-4958-B06C-C1F42874B4E7}"
EndProject
Global
	GlobalSection(SolutionConfigurationPlatforms) = preSolution
		Debug|Any CPU = Debug|Any CPU
		Release|Any CPU = Release|Any CPU
	EndGlobalSection
	GlobalSection(ProjectConfigurationPlatforms) = postSolution
		{9B41D5A6-1929-486E-BA9F-850EF3D9A245}.Debug|Any CPU.ActiveCfg = Debug|Any CPU
		{9B41D5A6-1929-486E-BA9F-850EF3D9A245}.Debug|Any CPU.Build.0 = Debug|Any CPU
		{9B41D5A6-1929-486E-BA9F-850EF3D9A245}.Release|Any CPU.ActiveCfg = Release|Any CPU
		{9B41D5A6-1929-486E-BA9F-850EF3D9A245}.Release|Any CPU.Build.0 = Release|Any CPU
		{4620E194-D14F-4434-99C8-DFC17064E5E6}.Debug|Any CPU.ActiveCfg = Debug|Any CPU
		{4620E194-D14F-4434-99C8-DFC17064E5E6}.Debug|Any CPU.Build.0 = Debug|Any CPU
		{4620E194-D14F-4434-99C8-DFC17064E5E6}.Release|Any CPU.ActiveCfg = Release|Any CPU
		{4620E194-D14F-4434-99C8-DFC17064E5E6}.Release|Any CPU.Build.0 = Release|Any CPU
		{5FF05C3D-5F8A-4803-B040-C0F1230A9929}.Debug|Any CPU.ActiveCfg = Debug|Any CPU
		{5FF05C3D-5F8A-4803-B040-C0F1230A9929}.Debug|Any CPU.Build.0 = Debug|Any CPU
		{5FF05C3D-5F8A-4803-B040-C0F1230A9929}.Release|Any CPU.ActiveCfg = Release|Any CPU
		{5FF05C3D-5F8A-4803-B040-C0F1230A9929}.Release|Any CPU.Build.0 = Release|Any CPU
		{60D9C155-73D6-4F07-8AA4-72F8FF25610B}.Debug|Any CPU.ActiveCfg = Debug|Any CPU
		{60D9C155-73D6-4F07-8AA4-72F8FF25610B}.Debug|Any CPU.Build.0 = Debug|Any CPU
		{60D9C155-73D6-4F07-8AA4-72F8FF25610B}.Release|Any CPU.ActiveCfg = Release|Any CPU
		{60D9C155-73D6-4F07-8AA4-72F8FF25610B}.Release|Any CPU.Build.0 = Release|Any CPU
		{5E9FACB6-8FA4-4958-B06C-C1F42874B4E7}.Debug|Any CPU.ActiveCfg = Debug|Any CPU
		{5E9FACB6-8FA4-4958-B06C-C1F42874B4E7}.Debug|Any CPU.Build.0 = Debug|Any CPU
		{5E9FACB6-8FA4-4958-B06C-C1F42874B4E7}.Release|Any CPU.ActiveCfg = Release|Any CPU
		{5E9FACB6-8FA4-4958-B06C-C1F42874B4E7}.Release|Any CPU.Build.0 = Release|Any CPU
	EndGlobalSection
	GlobalSection(SolutionProperties) = preSolution
		HideSolutionNode = FALSE
	EndGlobalSection
	GlobalSection(ExtensibilityGlobals) = postSolution
		SolutionGuid = {65AB0278-BC2A-4235-8BD2-162A8A6C3C25}
	EndGlobalSection
EndGlobal
